
Microsoft Visual Studio Solution File, Format Version 12.00
# Visual Studio Version 17
VisualStudioVersion = 17.10.35122.118
MinimumVisualStudioVersion = 10.0.40219.1
Project("{FAE04EC0-301F-11D3-BF4B-00C04F79EFBC}") = "TREDYOL OOP FORM PROJESİ", "TREDYOL OOP FORM PROJESİ.csproj", "{F9FC5B78-A16D-4C1F-950A-460A2561E48E}"
EndProject
Global
	GlobalSection(SolutionConfigurationPlatforms) = preSolution
		Debug|Any CPU = Debug|Any CPU
		Release|Any CPU = Release|Any CPU
	EndGlobalSection
	GlobalSection(ProjectConfigurationPlatforms) = postSolution
		{F9FC5B78-A16D-4C1F-950A-460A2561E48E}.Debug|Any CPU.ActiveCfg = Debug|Any CPU
		{F9FC5B78-A16D-4C1F-950A-460A2561E48E}.Debug|Any CPU.Build.0 = Debug|Any CPU
		{F9FC5B78-A16D-4C1F-950A-460A2561E48E}.Release|Any CPU.ActiveCfg = Release|Any CPU
		{F9FC5B78-A16D-4C1F-950A-460A2561E48E}.Release|Any CPU.Build.0 = Release|Any CPU
	EndGlobalSection
	GlobalSection(SolutionProperties) = preSolution
		HideSolutionNode = FALSE
	EndGlobalSection
	GlobalSection(ExtensibilityGlobals) = postSolution
		SolutionGuid = {A300B0FB-3399-4B04-88C4-D9E754241E5B}
	EndGlobalSection
EndGlobal
